
Microsoft Visual Studio Solution File, Format Version 12.00
# Visual Studio Version 17
VisualStudioVersion = 17.6.33829.357
MinimumVisualStudioVersion = 10.0.40219.1
Project("{E24C65DC-7377-472B-9ABA-BC803B73C61A}") = "Productivity_App", ".", "{BFC6AF48-34D3-4DCC-B341-D9FB270A9BA2}"
	ProjectSection(WebsiteProperties) = preProject
		TargetFrameworkMoniker = ".NETFramework,Version%3Dv4.7.2"
		Debug.AspNetCompiler.VirtualPath = "/localhost_50141"
		Debug.AspNetCompiler.PhysicalPath = "..\Productivity_App\"
		Debug.AspNetCompiler.TargetPath = "PrecompiledWeb\localhost_50141\"
		Debug.AspNetCompiler.Updateable = "true"
		Debug.AspNetCompiler.ForceOverwrite = "true"
		Debug.AspNetCompiler.FixedNames = "false"
		Debug.AspNetCompiler.Debug = "True"
		Release.AspNetCompiler.VirtualPath = "/localhost_50141"
		Release.AspNetCompiler.PhysicalPath = "..\Productivity_App\"
		Release.AspNetCompiler.TargetPath = "PrecompiledWeb\localhost_50141\"
		Release.AspNetCompiler.Updateable = "true"
		Release.AspNetCompiler.ForceOverwrite = "true"
		Release.AspNetCompiler.FixedNames = "false"
		Release.AspNetCompiler.Debug = "False"
		VWDPort = "50141"
		SlnRelativePath = "..\Productivity_App\"
		DefaultWebSiteLanguage = "Visual C#"
	EndProjectSection
EndProject
Global
	GlobalSection(SolutionConfigurationPlatforms) = preSolution
		Debug|Any CPU = Debug|Any CPU
	EndGlobalSection
	GlobalSection(ProjectConfigurationPlatforms) = postSolution
		{BFC6AF48-34D3-4DCC-B341-D9FB270A9BA2}.Debug|Any CPU.ActiveCfg = Debug|Any CPU
		{BFC6AF48-34D3-4DCC-B341-D9FB270A9BA2}.Debug|Any CPU.Build.0 = Debug|Any CPU
	EndGlobalSection
	GlobalSection(SolutionProperties) = preSolution
		HideSolutionNode = FALSE
	EndGlobalSection
	GlobalSection(ExtensibilityGlobals) = postSolution
		SolutionGuid = {937E2254-EBFC-48DF-A013-27EE87080707}
	EndGlobalSection
EndGlobal
